
Microsoft Visual Studio Solution File, Format Version 12.00
# Visual Studio Version 16
VisualStudioVersion = 16.0.30114.105
MinimumVisualStudioVersion = 10.0.40219.1
Project("{FAE04EC0-301F-11D3-BF4B-00C04F79EFBC}") = "TheNextCar", "TheNextCar\TheNextCar.csproj", "{92AEDB16-0B16-42EC-A2D8-AC7351A037BB}"
EndProject
Global
	GlobalSection(SolutionConfigurationPlatforms) = preSolution
		Debug|Any CPU = Debug|Any CPU
		Release|Any CPU = Release|Any CPU
	EndGlobalSection
	GlobalSection(ProjectConfigurationPlatforms) = postSolution
		{92AEDB16-0B16-42EC-A2D8-AC7351A037BB}.Debug|Any CPU.ActiveCfg = Debug|Any CPU
		{92AEDB16-0B16-42EC-A2D8-AC7351A037BB}.Debug|Any CPU.Build.0 = Debug|Any CPU
		{92AEDB16-0B16-42EC-A2D8-AC7351A037BB}.Release|Any CPU.ActiveCfg = Release|Any CPU
		{92AEDB16-0B16-42EC-A2D8-AC7351A037BB}.Release|Any CPU.Build.0 = Release|Any CPU
	EndGlobalSection
	GlobalSection(SolutionProperties) = preSolution
		HideSolutionNode = FALSE
	EndGlobalSection
	GlobalSection(ExtensibilityGlobals) = postSolution
		SolutionGuid = {C9A53DC4-6A28-4879-91FE-5F167D1D6CDC}
	EndGlobalSection
EndGlobal
